
Microsoft Visual Studio Solution File, Format Version 12.00
# Visual Studio 14
VisualStudioVersion = 14.0.25420.1
MinimumVisualStudioVersion = 10.0.40219.1
Project("{8BC9CEB8-8B4A-11D0-8D11-00A0C91BC942}") = "Mandelbrot", "Mandelbrot\Mandelbrot.vcxproj", "{1E89C0A8-4C4E-4FAA-B2BA-8F282A762AF5}"
EndProject
Project("{8BC9CEB8-8B4A-11D0-8D11-00A0C91BC942}") = "MandlebrotDouble", "MandlebrotDouble\MandlebrotDouble.vcxproj", "{5EB16946-584C-4322-851C-225B066105A2}"
EndProject
Project("{8BC9CEB8-8B4A-11D0-8D11-00A0C91BC942}") = "MandelbrotOptimized", "MandelbrotOptimized\MandelbrotOptimized.vcxproj", "{4911B97F-4D56-4C85-B77F-2A8E5DBDB4E5}"
EndProject
Project("{8BC9CEB8-8B4A-11D0-8D11-00A0C91BC942}") = "MandelbrotFrames", "MandelbrotFrames\MandelbrotFrames.vcxproj", "{D9632B14-9FB8-4002-944E-DB723740740E}"
EndProject
Global
	GlobalSection(SolutionConfigurationPlatforms) = preSolution
		Debug|x64 = Debug|x64
		Debug|x86 = Debug|x86
		Release|x64 = Release|x64
		Release|x86 = Release|x86
	EndGlobalSection
	GlobalSection(ProjectConfigurationPlatforms) = postSolution
		{1E89C0A8-4C4E-4FAA-B2BA-8F282A762AF5}.Debug|x64.ActiveCfg = Debug|x64
		{1E89C0A8-4C4E-4FAA-B2BA-8F282A762AF5}.Debug|x64.Build.0 = Debug|x64
		{1E89C0A8-4C4E-4FAA-B2BA-8F282A762AF5}.Debug|x86.ActiveCfg = Debug|Win32
		{1E89C0A8-4C4E-4FAA-B2BA-8F282A762AF5}.Debug|x86.Build.0 = Debug|Win32
		{1E89C0A8-4C4E-4FAA-B2BA-8F282A762AF5}.Release|x64.ActiveCfg = Release|x64
		{1E89C0A8-4C4E-4FAA-B2BA-8F282A762AF5}.Release|x64.Build.0 = Release|x64
		{1E89C0A8-4C4E-4FAA-B2BA-8F282A762AF5}.Release|x86.ActiveCfg = Release|Win32
		{1E89C0A8-4C4E-4FAA-B2BA-8F282A762AF5}.Release|x86.Build.0 = Release|Win32
		{5EB16946-584C-4322-851C-225B066105A2}.Debug|x64.ActiveCfg = Debug|x64
		{5EB16946-584C-4322-851C-225B066105A2}.Debug|x64.Build.0 = Debug|x64
		{5EB16946-584C-4322-851C-225B066105A2}.Debug|x86.ActiveCfg = Debug|Win32
		{5EB16946-584C-4322-851C-225B066105A2}.Debug|x86.Build.0 = Debug|Win32
		{5EB16946-584C-4322-851C-225B066105A2}.Release|x64.ActiveCfg = Release|x64
		{5EB16946-584C-4322-851C-225B066105A2}.Release|x64.Build.0 = Release|x64
		{5EB16946-584C-4322-851C-225B066105A2}.Release|x86.ActiveCfg = Release|Win32
		{5EB16946-584C-4322-851C-225B066105A2}.Release|x86.Build.0 = Release|Win32
		{4911B97F-4D56-4C85-B77F-2A8E5DBDB4E5}.Debug|x64.ActiveCfg = Debug|x64
		{4911B97F-4D56-4C85-B77F-2A8E5DBDB4E5}.Debug|x64.Build.0 = Debug|x64
		{4911B97F-4D56-4C85-B77F-2A8E5DBDB4E5}.Debug|x86.ActiveCfg = Debug|Win32
		{4911B97F-4D56-4C85-B77F-2A8E5DBDB4E5}.Debug|x86.Build.0 = Debug|Win32
		{4911B97F-4D56-4C85-B77F-2A8E5DBDB4E5}.Release|x64.ActiveCfg = Release|x64
		{4911B97F-4D56-4C85-B77F-2A8E5DBDB4E5}.Release|x64.Build.0 = Release|x64
		{4911B97F-4D56-4C85-B77F-2A8E5DBDB4E5}.Release|x86.ActiveCfg = Release|Win32
		{4911B97F-4D56-4C85-B77F-2A8E5DBDB4E5}.Release|x86.Build.0 = Release|Win32
		{D9632B14-9FB8-4002-944E-DB723740740E}.Debug|x64.ActiveCfg = Debug|x64
		{D9632B14-9FB8-4002-944E-DB723740740E}.Debug|x64.Build.0 = Debug|x64
		{D9632B14-9FB8-4002-944E-DB723740740E}.Debug|x86.ActiveCfg = Debug|Win32
		{D9632B14-9FB8-4002-944E-DB723740740E}.Debug|x86.Build.0 = Debug|Win32
		{D9632B14-9FB8-4002-944E-DB723740740E}.Release|x64.ActiveCfg = Release|x64
		{D9632B14-9FB8-4002-944E-DB723740740E}.Release|x64.Build.0 = Release|x64
		{D9632B14-9FB8-4002-944E-DB723740740E}.Release|x86.ActiveCfg = Release|Win32
		{D9632B14-9FB8-4002-944E-DB723740740E}.Release|x86.Build.0 = Release|Win32
	EndGlobalSection
	GlobalSection(SolutionProperties) = preSolution
		HideSolutionNode = FALSE
	EndGlobalSection
EndGlobal
